
Microsoft Visual Studio Solution File, Format Version 12.00
# Visual Studio Version 16
VisualStudioVersion = 16.0.29509.3
MinimumVisualStudioVersion = 15.0.26124.0
Project("{9A19103F-16F7-4668-BE54-9A1E7A4F7556}") = "IdentityServer", "IdentityServer\IdentityServer.csproj", "{C7E2580F-F8EF-4260-8A35-4D6489A3BAED}"
EndProject
Project("{9A19103F-16F7-4668-BE54-9A1E7A4F7556}") = "ApiGateway", "ApiGateway\ApiGateway.csproj", "{FB83E81C-1E2C-4764-871A-5512FA2F39B0}"
EndProject
Project("{9A19103F-16F7-4668-BE54-9A1E7A4F7556}") = "Payment.API", "Payment.API\Payment.API.csproj", "{F74F838C-9302-4F45-A0C8-C2024936B8E7}"
EndProject
Project("{9A19103F-16F7-4668-BE54-9A1E7A4F7556}") = "Product.API", "Product.API\Product.API.csproj", "{A8597C78-06C4-446A-9FB5-6727BAEDB465}"
EndProject
Project("{FAE04EC0-301F-11D3-BF4B-00C04F79EFBC}") = "Core", "Core\Core.csproj", "{A9C8699C-EF72-4D53-BBF7-0CD53C2663F5}"
EndProject
Global
	GlobalSection(SolutionConfigurationPlatforms) = preSolution
		Debug|Any CPU = Debug|Any CPU
		Release|Any CPU = Release|Any CPU
	EndGlobalSection
	GlobalSection(ProjectConfigurationPlatforms) = postSolution
		{C7E2580F-F8EF-4260-8A35-4D6489A3BAED}.Debug|Any CPU.ActiveCfg = Debug|Any CPU
		{C7E2580F-F8EF-4260-8A35-4D6489A3BAED}.Debug|Any CPU.Build.0 = Debug|Any CPU
		{C7E2580F-F8EF-4260-8A35-4D6489A3BAED}.Release|Any CPU.ActiveCfg = Release|Any CPU
		{C7E2580F-F8EF-4260-8A35-4D6489A3BAED}.Release|Any CPU.Build.0 = Release|Any CPU
		{FB83E81C-1E2C-4764-871A-5512FA2F39B0}.Debug|Any CPU.ActiveCfg = Debug|Any CPU
		{FB83E81C-1E2C-4764-871A-5512FA2F39B0}.Debug|Any CPU.Build.0 = Debug|Any CPU
		{FB83E81C-1E2C-4764-871A-5512FA2F39B0}.Release|Any CPU.ActiveCfg = Release|Any CPU
		{FB83E81C-1E2C-4764-871A-5512FA2F39B0}.Release|Any CPU.Build.0 = Release|Any CPU
		{F74F838C-9302-4F45-A0C8-C2024936B8E7}.Debug|Any CPU.ActiveCfg = Debug|Any CPU
		{F74F838C-9302-4F45-A0C8-C2024936B8E7}.Debug|Any CPU.Build.0 = Debug|Any CPU
		{F74F838C-9302-4F45-A0C8-C2024936B8E7}.Release|Any CPU.ActiveCfg = Release|Any CPU
		{F74F838C-9302-4F45-A0C8-C2024936B8E7}.Release|Any CPU.Build.0 = Release|Any CPU
		{A8597C78-06C4-446A-9FB5-6727BAEDB465}.Debug|Any CPU.ActiveCfg = Debug|Any CPU
		{A8597C78-06C4-446A-9FB5-6727BAEDB465}.Debug|Any CPU.Build.0 = Debug|Any CPU
		{A8597C78-06C4-446A-9FB5-6727BAEDB465}.Release|Any CPU.ActiveCfg = Release|Any CPU
		{A8597C78-06C4-446A-9FB5-6727BAEDB465}.Release|Any CPU.Build.0 = Release|Any CPU
		{A9C8699C-EF72-4D53-BBF7-0CD53C2663F5}.Debug|Any CPU.ActiveCfg = Debug|Any CPU
		{A9C8699C-EF72-4D53-BBF7-0CD53C2663F5}.Debug|Any CPU.Build.0 = Debug|Any CPU
		{A9C8699C-EF72-4D53-BBF7-0CD53C2663F5}.Release|Any CPU.ActiveCfg = Release|Any CPU
		{A9C8699C-EF72-4D53-BBF7-0CD53C2663F5}.Release|Any CPU.Build.0 = Release|Any CPU
	EndGlobalSection
	GlobalSection(SolutionProperties) = preSolution
		HideSolutionNode = FALSE
	EndGlobalSection
	GlobalSection(ExtensibilityGlobals) = postSolution
		SolutionGuid = {89646F1C-E281-4168-A03F-35351DF23CFE}
	EndGlobalSection
EndGlobal
