
Microsoft Visual Studio Solution File, Format Version 12.00
# Visual Studio Version 16
VisualStudioVersion = 16.0.29509.3
MinimumVisualStudioVersion = 15.0.26124.0
Project("{2150E333-8FDC-42A3-9474-1A3956D46DE8}") = "src", "src", "{E26311BB-42EB-40DA-9C38-F53ED3D7631E}"
EndProject
Project("{9A19103F-16F7-4668-BE54-9A1E7A4F7556}") = "IdentityServer", "src\IdentityServer\IdentityServer.csproj", "{C7E2580F-F8EF-4260-8A35-4D6489A3BAED}"
EndProject
Project("{9A19103F-16F7-4668-BE54-9A1E7A4F7556}") = "WebApi", "src\WebApi\WebApi.csproj", "{8928A203-6E9A-4403-A21B-2BD42320B806}"
EndProject
Project("{9A19103F-16F7-4668-BE54-9A1E7A4F7556}") = "WebMvc", "src\WebMvc\WebMvc.csproj", "{AD19BD71-4AAF-4889-9004-C7FDCF4965E2}"
EndProject
Project("{9A19103F-16F7-4668-BE54-9A1E7A4F7556}") = "DistributedCache", "src\DistributedCache\DistributedCache.csproj", "{1884871C-7006-4B71-890C-AA8D7A5ED17B}"
EndProject
Project("{9A19103F-16F7-4668-BE54-9A1E7A4F7556}") = "Application", "src\Application\Application.csproj", "{5BF8569F-D435-43B7-A1B4-3159FE7AD467}"
EndProject
Project("{9A19103F-16F7-4668-BE54-9A1E7A4F7556}") = "Domain", "src\Domain\Domain.csproj", "{7D4B38D3-8E4F-4022-8D9C-A361A7654E27}"
EndProject
Project("{9A19103F-16F7-4668-BE54-9A1E7A4F7556}") = "Infrastructure", "src\Infrastructure\Infrastructure.csproj", "{6E5CB867-4F4F-45D5-99B3-7D2331A76745}"
EndProject
Project("{2150E333-8FDC-42A3-9474-1A3956D46DE8}") = "OAuthServer", "OAuthServer", "{244CCED9-8F96-419F-B54D-2B429B7A8FAB}"
EndProject
Project("{2150E333-8FDC-42A3-9474-1A3956D46DE8}") = "UI", "UI", "{CB6D40A2-B638-46A5-8AA9-BD88F755147A}"
EndProject
Project("{2150E333-8FDC-42A3-9474-1A3956D46DE8}") = "Core", "Core", "{038C5718-8D38-459C-BEEF-49CD65820BD9}"
EndProject
Project("{9A19103F-16F7-4668-BE54-9A1E7A4F7556}") = "Common", "src\Common\Common.csproj", "{21C47EF2-887C-4F17-B081-7B1661778714}"
EndProject
Project("{2150E333-8FDC-42A3-9474-1A3956D46DE8}") = "common-lib", "common-lib", "{DCBE0157-ADC1-4126-9054-988A234747AC}"
EndProject
Project("{FAE04EC0-301F-11D3-BF4B-00C04F79EFBC}") = "OAuthClient", "OAuthClient\OAuthClient.csproj", "{6B0F8B4A-93AC-4E26-BDEB-24923A1FFDB1}"
EndProject
Global
	GlobalSection(SolutionConfigurationPlatforms) = preSolution
		Debug|Any CPU = Debug|Any CPU
		Release|Any CPU = Release|Any CPU
	EndGlobalSection
	GlobalSection(ProjectConfigurationPlatforms) = postSolution
		{C7E2580F-F8EF-4260-8A35-4D6489A3BAED}.Debug|Any CPU.ActiveCfg = Debug|Any CPU
		{C7E2580F-F8EF-4260-8A35-4D6489A3BAED}.Debug|Any CPU.Build.0 = Debug|Any CPU
		{C7E2580F-F8EF-4260-8A35-4D6489A3BAED}.Release|Any CPU.ActiveCfg = Release|Any CPU
		{C7E2580F-F8EF-4260-8A35-4D6489A3BAED}.Release|Any CPU.Build.0 = Release|Any CPU
		{8928A203-6E9A-4403-A21B-2BD42320B806}.Debug|Any CPU.ActiveCfg = Debug|Any CPU
		{8928A203-6E9A-4403-A21B-2BD42320B806}.Debug|Any CPU.Build.0 = Debug|Any CPU
		{8928A203-6E9A-4403-A21B-2BD42320B806}.Release|Any CPU.ActiveCfg = Release|Any CPU
		{8928A203-6E9A-4403-A21B-2BD42320B806}.Release|Any CPU.Build.0 = Release|Any CPU
		{AD19BD71-4AAF-4889-9004-C7FDCF4965E2}.Debug|Any CPU.ActiveCfg = Debug|Any CPU
		{AD19BD71-4AAF-4889-9004-C7FDCF4965E2}.Debug|Any CPU.Build.0 = Debug|Any CPU
		{AD19BD71-4AAF-4889-9004-C7FDCF4965E2}.Release|Any CPU.ActiveCfg = Release|Any CPU
		{AD19BD71-4AAF-4889-9004-C7FDCF4965E2}.Release|Any CPU.Build.0 = Release|Any CPU
		{1884871C-7006-4B71-890C-AA8D7A5ED17B}.Debug|Any CPU.ActiveCfg = Debug|Any CPU
		{1884871C-7006-4B71-890C-AA8D7A5ED17B}.Debug|Any CPU.Build.0 = Debug|Any CPU
		{1884871C-7006-4B71-890C-AA8D7A5ED17B}.Release|Any CPU.ActiveCfg = Release|Any CPU
		{1884871C-7006-4B71-890C-AA8D7A5ED17B}.Release|Any CPU.Build.0 = Release|Any CPU
		{5BF8569F-D435-43B7-A1B4-3159FE7AD467}.Debug|Any CPU.ActiveCfg = Debug|Any CPU
		{5BF8569F-D435-43B7-A1B4-3159FE7AD467}.Debug|Any CPU.Build.0 = Debug|Any CPU
		{5BF8569F-D435-43B7-A1B4-3159FE7AD467}.Release|Any CPU.ActiveCfg = Release|Any CPU
		{5BF8569F-D435-43B7-A1B4-3159FE7AD467}.Release|Any CPU.Build.0 = Release|Any CPU
		{7D4B38D3-8E4F-4022-8D9C-A361A7654E27}.Debug|Any CPU.ActiveCfg = Debug|Any CPU
		{7D4B38D3-8E4F-4022-8D9C-A361A7654E27}.Debug|Any CPU.Build.0 = Debug|Any CPU
		{7D4B38D3-8E4F-4022-8D9C-A361A7654E27}.Release|Any CPU.ActiveCfg = Release|Any CPU
		{7D4B38D3-8E4F-4022-8D9C-A361A7654E27}.Release|Any CPU.Build.0 = Release|Any CPU
		{6E5CB867-4F4F-45D5-99B3-7D2331A76745}.Debug|Any CPU.ActiveCfg = Debug|Any CPU
		{6E5CB867-4F4F-45D5-99B3-7D2331A76745}.Debug|Any CPU.Build.0 = Debug|Any CPU
		{6E5CB867-4F4F-45D5-99B3-7D2331A76745}.Release|Any CPU.ActiveCfg = Release|Any CPU
		{6E5CB867-4F4F-45D5-99B3-7D2331A76745}.Release|Any CPU.Build.0 = Release|Any CPU
		{21C47EF2-887C-4F17-B081-7B1661778714}.Debug|Any CPU.ActiveCfg = Debug|Any CPU
		{21C47EF2-887C-4F17-B081-7B1661778714}.Debug|Any CPU.Build.0 = Debug|Any CPU
		{21C47EF2-887C-4F17-B081-7B1661778714}.Release|Any CPU.ActiveCfg = Release|Any CPU
		{21C47EF2-887C-4F17-B081-7B1661778714}.Release|Any CPU.Build.0 = Release|Any CPU
		{6B0F8B4A-93AC-4E26-BDEB-24923A1FFDB1}.Debug|Any CPU.ActiveCfg = Debug|Any CPU
		{6B0F8B4A-93AC-4E26-BDEB-24923A1FFDB1}.Debug|Any CPU.Build.0 = Debug|Any CPU
		{6B0F8B4A-93AC-4E26-BDEB-24923A1FFDB1}.Release|Any CPU.ActiveCfg = Release|Any CPU
		{6B0F8B4A-93AC-4E26-BDEB-24923A1FFDB1}.Release|Any CPU.Build.0 = Release|Any CPU
	EndGlobalSection
	GlobalSection(SolutionProperties) = preSolution
		HideSolutionNode = FALSE
	EndGlobalSection
	GlobalSection(NestedProjects) = preSolution
		{C7E2580F-F8EF-4260-8A35-4D6489A3BAED} = {244CCED9-8F96-419F-B54D-2B429B7A8FAB}
		{8928A203-6E9A-4403-A21B-2BD42320B806} = {038C5718-8D38-459C-BEEF-49CD65820BD9}
		{AD19BD71-4AAF-4889-9004-C7FDCF4965E2} = {CB6D40A2-B638-46A5-8AA9-BD88F755147A}
		{1884871C-7006-4B71-890C-AA8D7A5ED17B} = {038C5718-8D38-459C-BEEF-49CD65820BD9}
		{5BF8569F-D435-43B7-A1B4-3159FE7AD467} = {038C5718-8D38-459C-BEEF-49CD65820BD9}
		{7D4B38D3-8E4F-4022-8D9C-A361A7654E27} = {038C5718-8D38-459C-BEEF-49CD65820BD9}
		{6E5CB867-4F4F-45D5-99B3-7D2331A76745} = {038C5718-8D38-459C-BEEF-49CD65820BD9}
		{244CCED9-8F96-419F-B54D-2B429B7A8FAB} = {E26311BB-42EB-40DA-9C38-F53ED3D7631E}
		{CB6D40A2-B638-46A5-8AA9-BD88F755147A} = {E26311BB-42EB-40DA-9C38-F53ED3D7631E}
		{038C5718-8D38-459C-BEEF-49CD65820BD9} = {E26311BB-42EB-40DA-9C38-F53ED3D7631E}
		{21C47EF2-887C-4F17-B081-7B1661778714} = {DCBE0157-ADC1-4126-9054-988A234747AC}
		{DCBE0157-ADC1-4126-9054-988A234747AC} = {E26311BB-42EB-40DA-9C38-F53ED3D7631E}
		{6B0F8B4A-93AC-4E26-BDEB-24923A1FFDB1} = {CB6D40A2-B638-46A5-8AA9-BD88F755147A}
	EndGlobalSection
	GlobalSection(ExtensibilityGlobals) = postSolution
		SolutionGuid = {89646F1C-E281-4168-A03F-35351DF23CFE}
	EndGlobalSection
EndGlobal
