
Microsoft Visual Studio Solution File, Format Version 12.00
# Visual Studio Version 16
VisualStudioVersion = 16.0.29509.3
MinimumVisualStudioVersion = 15.0.26124.0
Project("{9A19103F-16F7-4668-BE54-9A1E7A4F7556}") = "IdentityServer", "IdentityServer\IdentityServer.csproj", "{C7E2580F-F8EF-4260-8A35-4D6489A3BAED}"
EndProject
Project("{9A19103F-16F7-4668-BE54-9A1E7A4F7556}") = "ApiGateway", "ApiGateway\ApiGateway.csproj", "{FB83E81C-1E2C-4764-871A-5512FA2F39B0}"
EndProject
Project("{9A19103F-16F7-4668-BE54-9A1E7A4F7556}") = "Product.API", "Product.API\Product.API.csproj", "{A8597C78-06C4-446A-9FB5-6727BAEDB465}"
EndProject
Project("{9A19103F-16F7-4668-BE54-9A1E7A4F7556}") = "Core", "Core\Core.csproj", "{A9C8699C-EF72-4D53-BBF7-0CD53C2663F5}"
EndProject
Project("{9A19103F-16F7-4668-BE54-9A1E7A4F7556}") = "Ordering.API", "Ordering.API\Ordering.API.csproj", "{58AA9132-6850-4F1E-AA29-454BD05F1CF0}"
EndProject
Project("{9A19103F-16F7-4668-BE54-9A1E7A4F7556}") = "Notify.API", "Notify.API\Notify.API.csproj", "{0CCD6DB0-EE65-45C7-8CB4-5B0E118CB249}"
EndProject
Project("{E53339B2-1760-4266-BCC7-CA923CBCF16C}") = "docker-compose", "docker-compose.dcproj", "{D0BD382D-1380-4513-9403-AB67622F6F0B}"
EndProject
Global
	GlobalSection(SolutionConfigurationPlatforms) = preSolution
		Debug|Any CPU = Debug|Any CPU
		Release|Any CPU = Release|Any CPU
	EndGlobalSection
	GlobalSection(ProjectConfigurationPlatforms) = postSolution
		{C7E2580F-F8EF-4260-8A35-4D6489A3BAED}.Debug|Any CPU.ActiveCfg = Debug|Any CPU
		{C7E2580F-F8EF-4260-8A35-4D6489A3BAED}.Debug|Any CPU.Build.0 = Debug|Any CPU
		{C7E2580F-F8EF-4260-8A35-4D6489A3BAED}.Release|Any CPU.ActiveCfg = Release|Any CPU
		{C7E2580F-F8EF-4260-8A35-4D6489A3BAED}.Release|Any CPU.Build.0 = Release|Any CPU
		{FB83E81C-1E2C-4764-871A-5512FA2F39B0}.Debug|Any CPU.ActiveCfg = Debug|Any CPU
		{FB83E81C-1E2C-4764-871A-5512FA2F39B0}.Debug|Any CPU.Build.0 = Debug|Any CPU
		{FB83E81C-1E2C-4764-871A-5512FA2F39B0}.Release|Any CPU.ActiveCfg = Release|Any CPU
		{FB83E81C-1E2C-4764-871A-5512FA2F39B0}.Release|Any CPU.Build.0 = Release|Any CPU
		{A8597C78-06C4-446A-9FB5-6727BAEDB465}.Debug|Any CPU.ActiveCfg = Debug|Any CPU
		{A8597C78-06C4-446A-9FB5-6727BAEDB465}.Debug|Any CPU.Build.0 = Debug|Any CPU
		{A8597C78-06C4-446A-9FB5-6727BAEDB465}.Release|Any CPU.ActiveCfg = Release|Any CPU
		{A8597C78-06C4-446A-9FB5-6727BAEDB465}.Release|Any CPU.Build.0 = Release|Any CPU
		{A9C8699C-EF72-4D53-BBF7-0CD53C2663F5}.Debug|Any CPU.ActiveCfg = Debug|Any CPU
		{A9C8699C-EF72-4D53-BBF7-0CD53C2663F5}.Debug|Any CPU.Build.0 = Debug|Any CPU
		{A9C8699C-EF72-4D53-BBF7-0CD53C2663F5}.Release|Any CPU.ActiveCfg = Release|Any CPU
		{A9C8699C-EF72-4D53-BBF7-0CD53C2663F5}.Release|Any CPU.Build.0 = Release|Any CPU
		{58AA9132-6850-4F1E-AA29-454BD05F1CF0}.Debug|Any CPU.ActiveCfg = Debug|Any CPU
		{58AA9132-6850-4F1E-AA29-454BD05F1CF0}.Debug|Any CPU.Build.0 = Debug|Any CPU
		{58AA9132-6850-4F1E-AA29-454BD05F1CF0}.Release|Any CPU.ActiveCfg = Release|Any CPU
		{58AA9132-6850-4F1E-AA29-454BD05F1CF0}.Release|Any CPU.Build.0 = Release|Any CPU
		{0CCD6DB0-EE65-45C7-8CB4-5B0E118CB249}.Debug|Any CPU.ActiveCfg = Debug|Any CPU
		{0CCD6DB0-EE65-45C7-8CB4-5B0E118CB249}.Debug|Any CPU.Build.0 = Debug|Any CPU
		{0CCD6DB0-EE65-45C7-8CB4-5B0E118CB249}.Release|Any CPU.ActiveCfg = Release|Any CPU
		{0CCD6DB0-EE65-45C7-8CB4-5B0E118CB249}.Release|Any CPU.Build.0 = Release|Any CPU
		{D0BD382D-1380-4513-9403-AB67622F6F0B}.Debug|Any CPU.ActiveCfg = Debug|Any CPU
		{D0BD382D-1380-4513-9403-AB67622F6F0B}.Debug|Any CPU.Build.0 = Debug|Any CPU
		{D0BD382D-1380-4513-9403-AB67622F6F0B}.Release|Any CPU.ActiveCfg = Release|Any CPU
		{D0BD382D-1380-4513-9403-AB67622F6F0B}.Release|Any CPU.Build.0 = Release|Any CPU
	EndGlobalSection
	GlobalSection(SolutionProperties) = preSolution
		HideSolutionNode = FALSE
	EndGlobalSection
	GlobalSection(ExtensibilityGlobals) = postSolution
		SolutionGuid = {89646F1C-E281-4168-A03F-35351DF23CFE}
	EndGlobalSection
EndGlobal
